{
  "originHash" : "d6e359eecbe887e65e54b1a77cb2f794fbf1a2be3f15d7179cbda0fdc0ed8f24",
  "pins" : [
    {
      "identity" : "hotkey",
      "kind" : "remoteSourceControl",
      "location" : "https://github.com/soffes/HotKey",
      "state" : {
        "branch" : "main",
        "revision" : "a3cf605d7a96f6ff50e04fcb6dea6e2613cfcbe4"
      }
    },
    {
      "identity" : "networkimage",
      "kind" : "remoteSourceControl",
      "location" : "https://github.com/gonzalezreal/NetworkImage",
      "state" : {
        "revision" : "2849f5323265386e200484b0d0f896e73c3411b9",
        "version" : "6.0.1"
      }
    },
    {
      "identity" : "swift-cmark",
      "kind" : "remoteSourceControl",
      "location" : "https://github.com/swiftlang/swift-cmark",
      "state" : {
        "revision" : "b022b08312decdc46585e0b3440d97f6f22ef703",
        "version" : "0.6.0"
      }
    },
    {
      "identity" : "swift-markdown-ui",
      "kind" : "remoteSourceControl",
      "location" : "https://github.com/gonzalezreal/swift-markdown-ui",
      "state" : {
        "revision" : "5f613358148239d0292c0cef674a3c2314737f9e",
        "version" : "2.4.1"
      }
    }
  ],
  "version" : 3
}
